{
  "name": "capnjs",
  "version": "0.0.1",
  "lockfileVersion": 3,
  "requires": true,
  "packages": {
    "": {
      "name": "capnjs",
      "version": "0.0.1",
      "license": "MIT",
      "devDependencies": {
        "acorn": "^8.15.0",
        "capnweb": "file:../capnweb"
      }
    },
    "../capnweb": {
      "version": "0.4.0",
      "dev": true,
      "license": "MIT",
      "devDependencies": {
        "@changesets/changelog-github": "^0.5.2",
        "@changesets/cli": "^2.29.8",
        "@cloudflare/vitest-pool-workers": "^0.10.15",
        "@cloudflare/workers-types": "^4.20251216.0",
        "@types/ws": "^8.18.1",
        "@vitest/browser": "^3.2.4",
        "pkg-pr-new": "^0.0.60",
        "playwright": "^1.56.1",
        "tsup": "^8.5.1",
        "tsx": "^4.21.0",
        "typescript": "^5.9.3",
        "vitest": "^3.2.4",
        "ws": "^8.18.3"
      }
    },
    "node_modules/acorn": {
      "version": "8.15.0",
      "resolved": "https://registry.npmjs.org/acorn/-/acorn-8.15.0.tgz",
      "integrity": "sha512-NZyJarBfL7nWwIq+FDL6Zp/yHEhePMNnnJ0y3qfieCrmNvYct8uvtiV41UvlSe6apAfk0fY1FbWx+NwfmpvtTg==",
      "dev": true,
      "license": "MIT",
      "bin": {
        "acorn": "bin/acorn"
      },
      "engines": {
        "node": ">=0.4.0"
      }
    },
    "node_modules/capnweb": {
      "resolved": "../capnweb",
      "link": true
    }
  }
}
